
Microsoft Visual Studio Solution File, Format Version 12.00
# Visual Studio Version 16
VisualStudioVersion = 16.0.30711.63
MinimumVisualStudioVersion = 10.0.40219.1
Project("{FAE04EC0-301F-11D3-BF4B-00C04F79EFBC}") = "Countries.Common", "Countries.Common\Countries.Common.csproj", "{0DE6F35F-0A6A-4AE0-B739-D2E79ADABCB2}"
EndProject
Project("{FAE04EC0-301F-11D3-BF4B-00C04F79EFBC}") = "Countries.Web", "Countries.Web\Countries.Web.csproj", "{18EB3346-77B4-4836-80FB-24427EBC3C71}"
EndProject
Global
	GlobalSection(SolutionConfigurationPlatforms) = preSolution
		Debug|Any CPU = Debug|Any CPU
		Release|Any CPU = Release|Any CPU
	EndGlobalSection
	GlobalSection(ProjectConfigurationPlatforms) = postSolution
		{0DE6F35F-0A6A-4AE0-B739-D2E79ADABCB2}.Debug|Any CPU.ActiveCfg = Debug|Any CPU
		{0DE6F35F-0A6A-4AE0-B739-D2E79ADABCB2}.Debug|Any CPU.Build.0 = Debug|Any CPU
		{0DE6F35F-0A6A-4AE0-B739-D2E79ADABCB2}.Release|Any CPU.ActiveCfg = Release|Any CPU
		{0DE6F35F-0A6A-4AE0-B739-D2E79ADABCB2}.Release|Any CPU.Build.0 = Release|Any CPU
		{18EB3346-77B4-4836-80FB-24427EBC3C71}.Debug|Any CPU.ActiveCfg = Debug|Any CPU
		{18EB3346-77B4-4836-80FB-24427EBC3C71}.Debug|Any CPU.Build.0 = Debug|Any CPU
		{18EB3346-77B4-4836-80FB-24427EBC3C71}.Release|Any CPU.ActiveCfg = Release|Any CPU
		{18EB3346-77B4-4836-80FB-24427EBC3C71}.Release|Any CPU.Build.0 = Release|Any CPU
	EndGlobalSection
	GlobalSection(SolutionProperties) = preSolution
		HideSolutionNode = FALSE
	EndGlobalSection
	GlobalSection(ExtensibilityGlobals) = postSolution
		SolutionGuid = {3B60916A-11BD-4F9F-B7E9-708349F754E7}
	EndGlobalSection
EndGlobal
