
Microsoft Visual Studio Solution File, Format Version 12.00
# Visual Studio Version 16
VisualStudioVersion = 16.0.30711.63
MinimumVisualStudioVersion = 10.0.40219.1
Project("{9A19103F-16F7-4668-BE54-9A1E7A4F7556}") = "Countries.Prism", "Countries.Prism\Countries.Prism\Countries.Prism.csproj", "{D6C72B37-0250-483C-82F9-867253B144FA}"
EndProject
Project("{FAE04EC0-301F-11D3-BF4B-00C04F79EFBC}") = "Countries.Prism.Android", "Countries.Prism\Countries.Prism.Android\Countries.Prism.Android.csproj", "{138BB522-0A27-496C-AC43-B682F981CA56}"
EndProject
Project("{FAE04EC0-301F-11D3-BF4B-00C04F79EFBC}") = "Countries.Prism.iOS", "Countries.Prism\Countries.Prism.iOS\Countries.Prism.iOS.csproj", "{55766E4E-DF0B-4CF7-9E26-7FFCCC8BD72D}"
EndProject
Global
	GlobalSection(SolutionConfigurationPlatforms) = preSolution
		Ad-Hoc|Any CPU = Ad-Hoc|Any CPU
		Ad-Hoc|iPhone = Ad-Hoc|iPhone
		Ad-Hoc|iPhoneSimulator = Ad-Hoc|iPhoneSimulator
		AppStore|Any CPU = AppStore|Any CPU
		AppStore|iPhone = AppStore|iPhone
		AppStore|iPhoneSimulator = AppStore|iPhoneSimulator
		Debug|Any CPU = Debug|Any CPU
		Debug|iPhone = Debug|iPhone
		Debug|iPhoneSimulator = Debug|iPhoneSimulator
		Release|Any CPU = Release|Any CPU
		Release|iPhone = Release|iPhone
		Release|iPhoneSimulator = Release|iPhoneSimulator
	EndGlobalSection
	GlobalSection(ProjectConfigurationPlatforms) = postSolution
		{D6C72B37-0250-483C-82F9-867253B144FA}.Ad-Hoc|Any CPU.ActiveCfg = Debug|Any CPU
		{D6C72B37-0250-483C-82F9-867253B144FA}.Ad-Hoc|Any CPU.Build.0 = Debug|Any CPU
		{D6C72B37-0250-483C-82F9-867253B144FA}.Ad-Hoc|iPhone.ActiveCfg = Debug|Any CPU
		{D6C72B37-0250-483C-82F9-867253B144FA}.Ad-Hoc|iPhone.Build.0 = Debug|Any CPU
		{D6C72B37-0250-483C-82F9-867253B144FA}.Ad-Hoc|iPhoneSimulator.ActiveCfg = Debug|Any CPU
		{D6C72B37-0250-483C-82F9-867253B144FA}.Ad-Hoc|iPhoneSimulator.Build.0 = Debug|Any CPU
		{D6C72B37-0250-483C-82F9-867253B144FA}.AppStore|Any CPU.ActiveCfg = Debug|Any CPU
		{D6C72B37-0250-483C-82F9-867253B144FA}.AppStore|Any CPU.Build.0 = Debug|Any CPU
		{D6C72B37-0250-483C-82F9-867253B144FA}.AppStore|iPhone.ActiveCfg = Debug|Any CPU
		{D6C72B37-0250-483C-82F9-867253B144FA}.AppStore|iPhone.Build.0 = Debug|Any CPU
		{D6C72B37-0250-483C-82F9-867253B144FA}.AppStore|iPhoneSimulator.ActiveCfg = Debug|Any CPU
		{D6C72B37-0250-483C-82F9-867253B144FA}.AppStore|iPhoneSimulator.Build.0 = Debug|Any CPU
		{D6C72B37-0250-483C-82F9-867253B144FA}.Debug|Any CPU.ActiveCfg = Debug|Any CPU
		{D6C72B37-0250-483C-82F9-867253B144FA}.Debug|Any CPU.Build.0 = Debug|Any CPU
		{D6C72B37-0250-483C-82F9-867253B144FA}.Debug|iPhone.ActiveCfg = Debug|Any CPU
		{D6C72B37-0250-483C-82F9-867253B144FA}.Debug|iPhone.Build.0 = Debug|Any CPU
		{D6C72B37-0250-483C-82F9-867253B144FA}.Debug|iPhoneSimulator.ActiveCfg = Debug|Any CPU
		{D6C72B37-0250-483C-82F9-867253B144FA}.Debug|iPhoneSimulator.Build.0 = Debug|Any CPU
		{D6C72B37-0250-483C-82F9-867253B144FA}.Release|Any CPU.ActiveCfg = Release|Any CPU
		{D6C72B37-0250-483C-82F9-867253B144FA}.Release|Any CPU.Build.0 = Release|Any CPU
		{D6C72B37-0250-483C-82F9-867253B144FA}.Release|iPhone.ActiveCfg = Release|Any CPU
		{D6C72B37-0250-483C-82F9-867253B144FA}.Release|iPhone.Build.0 = Release|Any CPU
		{D6C72B37-0250-483C-82F9-867253B144FA}.Release|iPhoneSimulator.ActiveCfg = Release|Any CPU
		{D6C72B37-0250-483C-82F9-867253B144FA}.Release|iPhoneSimulator.Build.0 = Release|Any CPU
		{138BB522-0A27-496C-AC43-B682F981CA56}.Ad-Hoc|Any CPU.ActiveCfg = Debug|Any CPU
		{138BB522-0A27-496C-AC43-B682F981CA56}.Ad-Hoc|Any CPU.Build.0 = Debug|Any CPU
		{138BB522-0A27-496C-AC43-B682F981CA56}.Ad-Hoc|Any CPU.Deploy.0 = Debug|Any CPU
		{138BB522-0A27-496C-AC43-B682F981CA56}.Ad-Hoc|iPhone.ActiveCfg = Debug|Any CPU
		{138BB522-0A27-496C-AC43-B682F981CA56}.Ad-Hoc|iPhone.Build.0 = Debug|Any CPU
		{138BB522-0A27-496C-AC43-B682F981CA56}.Ad-Hoc|iPhone.Deploy.0 = Debug|Any CPU
		{138BB522-0A27-496C-AC43-B682F981CA56}.Ad-Hoc|iPhoneSimulator.ActiveCfg = Debug|Any CPU
		{138BB522-0A27-496C-AC43-B682F981CA56}.Ad-Hoc|iPhoneSimulator.Build.0 = Debug|Any CPU
		{138BB522-0A27-496C-AC43-B682F981CA56}.Ad-Hoc|iPhoneSimulator.Deploy.0 = Debug|Any CPU
		{138BB522-0A27-496C-AC43-B682F981CA56}.AppStore|Any CPU.ActiveCfg = Debug|Any CPU
		{138BB522-0A27-496C-AC43-B682F981CA56}.AppStore|Any CPU.Build.0 = Debug|Any CPU
		{138BB522-0A27-496C-AC43-B682F981CA56}.AppStore|Any CPU.Deploy.0 = Debug|Any CPU
		{138BB522-0A27-496C-AC43-B682F981CA56}.AppStore|iPhone.ActiveCfg = Debug|Any CPU
		{138BB522-0A27-496C-AC43-B682F981CA56}.AppStore|iPhone.Build.0 = Debug|Any CPU
		{138BB522-0A27-496C-AC43-B682F981CA56}.AppStore|iPhone.Deploy.0 = Debug|Any CPU
		{138BB522-0A27-496C-AC43-B682F981CA56}.AppStore|iPhoneSimulator.ActiveCfg = Debug|Any CPU
		{138BB522-0A27-496C-AC43-B682F981CA56}.AppStore|iPhoneSimulator.Build.0 = Debug|Any CPU
		{138BB522-0A27-496C-AC43-B682F981CA56}.AppStore|iPhoneSimulator.Deploy.0 = Debug|Any CPU
		{138BB522-0A27-496C-AC43-B682F981CA56}.Debug|Any CPU.ActiveCfg = Debug|Any CPU
		{138BB522-0A27-496C-AC43-B682F981CA56}.Debug|Any CPU.Build.0 = Debug|Any CPU
		{138BB522-0A27-496C-AC43-B682F981CA56}.Debug|Any CPU.Deploy.0 = Debug|Any CPU
		{138BB522-0A27-496C-AC43-B682F981CA56}.Debug|iPhone.ActiveCfg = Debug|Any CPU
		{138BB522-0A27-496C-AC43-B682F981CA56}.Debug|iPhone.Build.0 = Debug|Any CPU
		{138BB522-0A27-496C-AC43-B682F981CA56}.Debug|iPhone.Deploy.0 = Debug|Any CPU
		{138BB522-0A27-496C-AC43-B682F981CA56}.Debug|iPhoneSimulator.ActiveCfg = Debug|Any CPU
		{138BB522-0A27-496C-AC43-B682F981CA56}.Debug|iPhoneSimulator.Build.0 = Debug|Any CPU
		{138BB522-0A27-496C-AC43-B682F981CA56}.Debug|iPhoneSimulator.Deploy.0 = Debug|Any CPU
		{138BB522-0A27-496C-AC43-B682F981CA56}.Release|Any CPU.ActiveCfg = Release|Any CPU
		{138BB522-0A27-496C-AC43-B682F981CA56}.Release|Any CPU.Build.0 = Release|Any CPU
		{138BB522-0A27-496C-AC43-B682F981CA56}.Release|Any CPU.Deploy.0 = Release|Any CPU
		{138BB522-0A27-496C-AC43-B682F981CA56}.Release|iPhone.ActiveCfg = Release|Any CPU
		{138BB522-0A27-496C-AC43-B682F981CA56}.Release|iPhone.Build.0 = Release|Any CPU
		{138BB522-0A27-496C-AC43-B682F981CA56}.Release|iPhone.Deploy.0 = Release|Any CPU
		{138BB522-0A27-496C-AC43-B682F981CA56}.Release|iPhoneSimulator.ActiveCfg = Release|Any CPU
		{138BB522-0A27-496C-AC43-B682F981CA56}.Release|iPhoneSimulator.Build.0 = Release|Any CPU
		{138BB522-0A27-496C-AC43-B682F981CA56}.Release|iPhoneSimulator.Deploy.0 = Release|Any CPU
		{55766E4E-DF0B-4CF7-9E26-7FFCCC8BD72D}.Ad-Hoc|Any CPU.ActiveCfg = Ad-Hoc|iPhoneSimulator
		{55766E4E-DF0B-4CF7-9E26-7FFCCC8BD72D}.Ad-Hoc|iPhone.ActiveCfg = Ad-Hoc|iPhone
		{55766E4E-DF0B-4CF7-9E26-7FFCCC8BD72D}.Ad-Hoc|iPhone.Build.0 = Ad-Hoc|iPhone
		{55766E4E-DF0B-4CF7-9E26-7FFCCC8BD72D}.Ad-Hoc|iPhoneSimulator.ActiveCfg = Ad-Hoc|iPhoneSimulator
		{55766E4E-DF0B-4CF7-9E26-7FFCCC8BD72D}.Ad-Hoc|iPhoneSimulator.Build.0 = Ad-Hoc|iPhoneSimulator
		{55766E4E-DF0B-4CF7-9E26-7FFCCC8BD72D}.AppStore|Any CPU.ActiveCfg = AppStore|iPhoneSimulator
		{55766E4E-DF0B-4CF7-9E26-7FFCCC8BD72D}.AppStore|iPhone.ActiveCfg = AppStore|iPhone
		{55766E4E-DF0B-4CF7-9E26-7FFCCC8BD72D}.AppStore|iPhone.Build.0 = AppStore|iPhone
		{55766E4E-DF0B-4CF7-9E26-7FFCCC8BD72D}.AppStore|iPhoneSimulator.ActiveCfg = AppStore|iPhoneSimulator
		{55766E4E-DF0B-4CF7-9E26-7FFCCC8BD72D}.AppStore|iPhoneSimulator.Build.0 = AppStore|iPhoneSimulator
		{55766E4E-DF0B-4CF7-9E26-7FFCCC8BD72D}.Debug|Any CPU.ActiveCfg = Debug|iPhoneSimulator
		{55766E4E-DF0B-4CF7-9E26-7FFCCC8BD72D}.Debug|iPhone.ActiveCfg = Debug|iPhone
		{55766E4E-DF0B-4CF7-9E26-7FFCCC8BD72D}.Debug|iPhone.Build.0 = Debug|iPhone
		{55766E4E-DF0B-4CF7-9E26-7FFCCC8BD72D}.Debug|iPhoneSimulator.ActiveCfg = Debug|iPhoneSimulator
		{55766E4E-DF0B-4CF7-9E26-7FFCCC8BD72D}.Debug|iPhoneSimulator.Build.0 = Debug|iPhoneSimulator
		{55766E4E-DF0B-4CF7-9E26-7FFCCC8BD72D}.Release|Any CPU.ActiveCfg = Release|iPhoneSimulator
		{55766E4E-DF0B-4CF7-9E26-7FFCCC8BD72D}.Release|iPhone.ActiveCfg = Release|iPhone
		{55766E4E-DF0B-4CF7-9E26-7FFCCC8BD72D}.Release|iPhone.Build.0 = Release|iPhone
		{55766E4E-DF0B-4CF7-9E26-7FFCCC8BD72D}.Release|iPhoneSimulator.ActiveCfg = Release|iPhoneSimulator
		{55766E4E-DF0B-4CF7-9E26-7FFCCC8BD72D}.Release|iPhoneSimulator.Build.0 = Release|iPhoneSimulator
	EndGlobalSection
	GlobalSection(SolutionProperties) = preSolution
		HideSolutionNode = FALSE
	EndGlobalSection
	GlobalSection(ExtensibilityGlobals) = postSolution
		SolutionGuid = {3B60916A-11BD-4F9F-B7E9-708349F754E7}
	EndGlobalSection
EndGlobal
